
Microsoft Visual Studio Solution File, Format Version 12.00
# Visual Studio Version 17
VisualStudioVersion = 17.14.36401.2 d17.14
MinimumVisualStudioVersion = 10.0.40219.1
Project("{FAE04EC0-301F-11D3-BF4B-00C04F79EFBC}") = "CourseDepartment", "CourseDepartment\CourseDepartment.csproj", "{3284792F-46B9-4E50-A605-BC4DC4BBAC78}"
EndProject
Global
	GlobalSection(SolutionConfigurationPlatforms) = preSolution
		Debug|Any CPU = Debug|Any CPU
		Release|Any CPU = Release|Any CPU
	EndGlobalSection
	GlobalSection(ProjectConfigurationPlatforms) = postSolution
		{3284792F-46B9-4E50-A605-BC4DC4BBAC78}.Debug|Any CPU.ActiveCfg = Debug|Any CPU
		{3284792F-46B9-4E50-A605-BC4DC4BBAC78}.Debug|Any CPU.Build.0 = Debug|Any CPU
		{3284792F-46B9-4E50-A605-BC4DC4BBAC78}.Release|Any CPU.ActiveCfg = Release|Any CPU
		{3284792F-46B9-4E50-A605-BC4DC4BBAC78}.Release|Any CPU.Build.0 = Release|Any CPU
	EndGlobalSection
	GlobalSection(SolutionProperties) = preSolution
		HideSolutionNode = FALSE
	EndGlobalSection
	GlobalSection(ExtensibilityGlobals) = postSolution
		SolutionGuid = {381A8625-6C54-43CB-BC05-C64D70A666D5}
	EndGlobalSection
EndGlobal
