
Microsoft Visual Studio Solution File, Format Version 12.00
# Visual Studio Version 17
VisualStudioVersion = 17.14.36401.2 d17.14
MinimumVisualStudioVersion = 10.0.40219.1
Project("{FAE04EC0-301F-11D3-BF4B-00C04F79EFBC}") = "LambdaDelegateAndLinqIntroduction", "LambdaDelegateAndLinqIntroduction\LambdaDelegateAndLinqIntroduction.csproj", "{C90FBD6F-47C7-47D0-B6CA-92D4EEA36588}"
EndProject
Global
	GlobalSection(SolutionConfigurationPlatforms) = preSolution
		Debug|Any CPU = Debug|Any CPU
		Release|Any CPU = Release|Any CPU
	EndGlobalSection
	GlobalSection(ProjectConfigurationPlatforms) = postSolution
		{C90FBD6F-47C7-47D0-B6CA-92D4EEA36588}.Debug|Any CPU.ActiveCfg = Debug|Any CPU
		{C90FBD6F-47C7-47D0-B6CA-92D4EEA36588}.Debug|Any CPU.Build.0 = Debug|Any CPU
		{C90FBD6F-47C7-47D0-B6CA-92D4EEA36588}.Release|Any CPU.ActiveCfg = Release|Any CPU
		{C90FBD6F-47C7-47D0-B6CA-92D4EEA36588}.Release|Any CPU.Build.0 = Release|Any CPU
	EndGlobalSection
	GlobalSection(SolutionProperties) = preSolution
		HideSolutionNode = FALSE
	EndGlobalSection
	GlobalSection(ExtensibilityGlobals) = postSolution
		SolutionGuid = {81B5C723-229E-4D61-BDEC-D2B235862366}
	EndGlobalSection
EndGlobal
